{
  "version": 2,
  "dependencies": {
    "net10.0": {
      "Microsoft.Build.Utilities.Core": {
        "type": "Direct",
        "requested": "[18.9.6, )",
        "resolved": "18.9.6",
        "contentHash": "BkU2irGHBdkULHzLmEObQCjOz7x+3unHkcmGa+BlTXyEFyj4wupcSAG3E0SlzpeF9s3ViSLbhjNDMHwMxC/Ugg==",
        "dependencies": {
          "Microsoft.Build.Framework": "18.9.6",
          "System.Configuration.ConfigurationManager": "10.0.8",
          "System.Diagnostics.EventLog": "10.0.8",
          "System.Security.Cryptography.ProtectedData": "10.0.8"
        }
      },
      "Microsoft.Testing.Extensions.CodeCoverage": {
        "type": "Direct",
        "requested": "[18.11.0, )",
        "resolved": "18.11.0",
        "contentHash": "Kqzpt/I7tmXn5qudrmMj4GMGNuFOtN591KqSOTB+rPfWXS/l3I9o742YKiqagQuXzmydX+6BiI9yINZu05vmxA==",
        "dependencies": {
          "Microsoft.DiaSymReader": "2.2.10",
          "Microsoft.Extensions.DependencyModel": "10.0.10",
          "Microsoft.Testing.Platform": "2.4.0"
        }
      },
      "Microsoft.Testing.Extensions.TrxReport": {
        "type": "Direct",
        "requested": "[2.4.1, )",
        "resolved": "2.4.1",
        "contentHash": "KGAvJKRqhod45ecH4L1cCKIjGrzziUcLo3L4hRlfOg/Ww2Q7MnA30qHY2rnKzGyLVWf91tc2VleGe8c33FmPaQ==",
        "dependencies": {
          "Microsoft.Testing.Extensions.TrxReport.Abstractions": "2.4.1",
          "Microsoft.Testing.Platform": "[2.4.1, 3.0.0)"
        }
      },
      "MSTest.TestAdapter": {
        "type": "Direct",
        "requested": "[4.4.1, )",
        "resolved": "4.4.1",
        "contentHash": "UmeQj3uPc+R/Vu1pEHN6ZLQAsUlzCx9BkGH6HOQLILQFjjsFELettj1naMKJhKYyouSXiZum3shUeAF4QqyixA==",
        "dependencies": {
          "MSTest.TestFramework": "4.4.1",
          "Microsoft.TestPlatform.ObjectModel": "18.9.0",
          "Microsoft.Testing.Extensions.Telemetry": "2.4.1",
          "Microsoft.Testing.Extensions.TrxReport.Abstractions": "2.4.1",
          "Microsoft.Testing.Platform.MSBuild": "2.4.1"
        }
      },
      "MSTest.TestFramework": {
        "type": "Direct",
        "requested": "[4.4.1, )",
        "resolved": "4.4.1",
        "contentHash": "zHyMqhT9A1qihb0S6qyFFEYze0GWC6FzkdoFqUYlSg89fIs/A/KQBWlkM0JNb43fKDskQU2OuFNKZFuXzRCvYg==",
        "dependencies": {
          "MSTest.Analyzers": "4.4.1"
        }
      },
      "Nerdbank.GitVersioning": {
        "type": "Direct",
        "requested": "[3.10.94, )",
        "resolved": "3.10.94",
        "contentHash": "sn6gFIx6bwFj3Me0XGmek3gLZi/MZC8C4tRLwslXGeBcXcVxvFpZyDrQA93G8TiYgxTS7J7triKB7hj5wXzSxA=="
      },
      "Cucumber.CucumberExpressions": {
        "type": "Transitive",
        "resolved": "17.1.0",
        "contentHash": "IZFDLLwrUCKuGDXQzmAWZa+kQFpVmVwWD8wEl0UWGOR83UQfzqg8hZeSSNUOXlW0Kh3vMO6kEm3FpNC4amKMaw=="
      },
      "Cucumber.HtmlFormatter": {
        "type": "Transitive",
        "resolved": "22.2.0",
        "contentHash": "hlP9GGzRADDKh0/GEt2aWD9G08qEDD4z6TC6iqJt3xH8kiU3iAbg1rOCtorN13zNdaaVxdraHzznWTMT/DnM1g==",
        "dependencies": {
          "Cucumber.Messages": "30.1.0"
        }
      },
      "Cucumber.Messages": {
        "type": "Transitive",
        "resolved": "30.1.0",
        "contentHash": "HDfIzDd7JFDEwiNHpgOHBPEiyVjXQws+CEnVb+Lwiq58jHNA/xYwmTswbqknOxcAejCRFP1de/hHHw+ZuTzV6A=="
      },
      "Gherkin": {
        "type": "Transitive",
        "resolved": "35.0.0",
        "contentHash": "ha+QNevQsXEESbzazUceHTCtKOjoBTBa8kLFdKpu6vSEbb3UMt3a55RG78tIoU/C4qzIqX3jQxaIdIcYGO+IWQ==",
        "dependencies": {
          "Cucumber.Messages": "29.0.1"
        }
      },
      "Humanizer.Core": {
        "type": "Transitive",
        "resolved": "2.14.1",
        "contentHash": "lQKvtaTDOXnoVJ20ibTuSIOf2i0uO0MPbDhd1jm238I+U/2ZnRENj0cktKZhtchBMtCUSRQ5v4xBCUbKNmyVMw=="
      },
      "LovettSoftware.XmlDiff": {
        "type": "Transitive",
        "resolved": "1.1.0",
        "contentHash": "5mrNvjKw0/q1lr9RHR36wdglI7PvapGn4+k+5JvLVIyevvHel2q9rkANSHZivnbdo5i4qLE1TwQeGte/RB7NEA=="
      },
      "Microsoft.ApplicationInsights": {
        "type": "Transitive",
        "resolved": "2.23.0",
        "contentHash": "nWArUZTdU7iqZLycLKWe0TDms48KKGE6pONH2terYNa8REXiqixrMOkf1sk5DHGMaUTqONU2YkS4SAXBhLStgw=="
      },
      "Microsoft.Bcl.AsyncInterfaces": {
        "type": "Transitive",
        "resolved": "9.0.6",
        "contentHash": "82rLw487j5jBXEi2r3WvA/cagOhcRREVRtet6izzjDMY+i392W5oNSN2KCtuIvlTpyMONEUD0MIlGAgDdsvQ/w=="
      },
      "Microsoft.CodeAnalysis.Analyzers": {
        "type": "Transitive",
        "resolved": "5.9.0-1.26328.17",
        "contentHash": "HP9NNk8ZjOSI2hgOyXnQg+kv7/X837Vr2nAlXiGAtqtYnYKjRRa1UmQFr8KFs5ynGYKqfbb8zB9APoWjiAGdMg=="
      },
      "Microsoft.CodeAnalysis.Common": {
        "type": "Transitive",
        "resolved": "5.9.0",
        "contentHash": "IYaIaUWdIx539AReKZOBEqTskFusZfCh/wFSPilDvCn5Say8MegLw2LONcSIcVy+v3Gzv53qYBspgvBGSErfbQ==",
        "dependencies": {
          "Microsoft.CodeAnalysis.Analyzers": "5.9.0-1.26328.17"
        }
      },
      "Microsoft.CodeAnalysis.Workspaces.Common": {
        "type": "Transitive",
        "resolved": "5.9.0",
        "contentHash": "1A6jz50NG4nOEW8tX5+h+MyHqjWL0mPGwrUdwu+OlTfyknLo0GfxSqj4zEks8uVUdHdo9v8Ir9dHxACf8iYNEA==",
        "dependencies": {
          "Humanizer.Core": "2.14.1",
          "Microsoft.CodeAnalysis.Analyzers": "5.9.0-1.26328.17",
          "Microsoft.CodeAnalysis.Common": "[5.9.0]",
          "System.Composition": "10.0.1"
        }
      },
      "Microsoft.DiaSymReader": {
        "type": "Transitive",
        "resolved": "2.2.10",
        "contentHash": "zmGsm6b2y3STDa/Of7rdkkfTDV8VuGB8aCqIkLoJIQh5tL78K3zJ8OUyFKnfsaORXmGr9iOKwDkZfUjeXi+CwA=="
      },
      "Microsoft.Extensions.DependencyInjection": {
        "type": "Transitive",
        "resolved": "10.0.12",
        "contentHash": "lXyK2O5GoYvfxW8eCFcD16JFbcoSTM1sJkAM0UHS1jZyl9NYMW64Tqm6OQFT0IDBjZi+xHt95/Zg+nxZhGFhZg==",
        "dependencies": {
          "Microsoft.Extensions.DependencyInjection.Abstractions": "10.0.12"
        }
      },
      "Microsoft.Extensions.DependencyInjection.Abstractions": {
        "type": "Transitive",
        "resolved": "10.0.12",
        "contentHash": "9/qymSh7hVDMGTGwrLz8MRp5zRyXy9adGDOs4HwRdnLil3oZGYuWeZjbmHgCQ9BL1qBroVfgUK3U/nb61617Cw=="
      },
      "Microsoft.Extensions.DependencyModel": {
        "type": "Transitive",
        "resolved": "10.0.10",
        "contentHash": "rfZA1RjR021RPqSmIPovfz2aOd79TGqJ9BengbjnzIISOVwjLmuSDnhCMmiY/1c6iYvGolQ1iNGzkav0u11XEA=="
      },
      "Microsoft.Extensions.Options": {
        "type": "Transitive",
        "resolved": "10.0.12",
        "contentHash": "TDYD33TSRpXKZWlmTXNlj5kCihxatmv2Ec1u6C+bMYLphCS7PoSLE9Pjd/nunDoE7yETk+LLKjVJX78HYtWjpA==",
        "dependencies": {
          "Microsoft.Extensions.DependencyInjection.Abstractions": "10.0.12",
          "Microsoft.Extensions.Primitives": "10.0.12"
        }
      },
      "Microsoft.Extensions.Primitives": {
        "type": "Transitive",
        "resolved": "10.0.12",
        "contentHash": "dYfCLR52UA+3DL7C4I/pvSaRPkNqxrUAQmbFL2u0zvYKKzqgrFCJl08Df+F1aYc8leu9JvpC9bsURUdpExcBXQ=="
      },
      "Microsoft.NET.StringTools": {
        "type": "Transitive",
        "resolved": "18.9.6",
        "contentHash": "CNZfh4P65tHm1Wh/uuIbYfvHlPnb0dJ9SCaIZbXRzOMn+8JEorSqSdXdGRsrDbKBDJfNG6nmgleYhnfL2pd1oQ=="
      },
      "Microsoft.Testing.Extensions.Telemetry": {
        "type": "Transitive",
        "resolved": "2.4.1",
        "contentHash": "C+bq5ydHrBNCDXjvFtRa1/JcAS2Wq2dpXOnzy/TFYC8qb1dDEgB1XhQayBaYE/5BKviikByHb7mth8P+qJaOJw==",
        "dependencies": {
          "Microsoft.ApplicationInsights": "2.23.0",
          "Microsoft.Testing.Platform": "[2.4.1, 3.0.0)"
        }
      },
      "Microsoft.Testing.Extensions.TrxReport.Abstractions": {
        "type": "Transitive",
        "resolved": "2.4.1",
        "contentHash": "tDxLLic2IfeChbyo8oeGZj/eBdFpPe3Dp80hUoIOefSCqqMHbsob+lX1TfFWV75PJCPouxj2zz0zzPHZxiM4nQ==",
        "dependencies": {
          "Microsoft.Testing.Platform": "[2.4.1, 3.0.0)"
        }
      },
      "Microsoft.Testing.Platform": {
        "type": "Transitive",
        "resolved": "2.4.1",
        "contentHash": "3nW9NyhN1BnHRF994DCOOUQCqVA9pDT+gPpbuhI/xUntZnGnXO4ySovKxFlFuoT/48pnI74LK/DeKVlve1L3VQ=="
      },
      "Microsoft.Testing.Platform.MSBuild": {
        "type": "Transitive",
        "resolved": "2.4.1",
        "contentHash": "K4W2hAATe9wA1xt4oEZWmUsnQqnLD5H18NXKsm81xclf9PI4AHieb3DxJpE/2uA6Xl9DtjpLXif7/9Sn8Y2y7w==",
        "dependencies": {
          "Microsoft.Testing.Platform": "[2.4.1, 3.0.0)"
        }
      },
      "Microsoft.TestPlatform.ObjectModel": {
        "type": "Transitive",
        "resolved": "18.9.0",
        "contentHash": "Fz/qXC52VXXopzHj7v2reCKcCqSxkTDCkEDfkNAH0vni/7qK/KLMiEYtRmnUanxO2F2g2zZZ60qCpxF0AF7URA=="
      },
      "MSTest.Analyzers": {
        "type": "Transitive",
        "resolved": "4.4.1",
        "contentHash": "Ccu+MKGCRCV2OauQjEIT0XeyP+AtOYyQNuhVI+yPUjJD6RQGi+lOkE8xz+gqe1IK3KiosQy7ZS+022tUTO4K1w=="
      },
      "Reqnroll": {
        "type": "Transitive",
        "resolved": "3.3.4",
        "contentHash": "tFFx0xACekjT9F/aFZjQMNTbaxy7zNU4uXFXvU1Eybuko2Rx1RLCAzN+uPDiDxsGB/Nd0wZC0M8Ho5i9xm8Jdg==",
        "dependencies": {
          "Cucumber.CucumberExpressions": "17.1.0",
          "Cucumber.HtmlFormatter": "22.2.0",
          "Cucumber.Messages": "30.1.0",
          "Gherkin": "35.0.0",
          "Microsoft.Bcl.AsyncInterfaces": "9.0.6",
          "Microsoft.Extensions.DependencyModel": "8.0.2"
        }
      },
      "Reqnroll.Tools.MsBuild.Generation": {
        "type": "Transitive",
        "resolved": "3.3.4",
        "contentHash": "atTwejJRcKgUcJCofp4uSPKNXBav6ZITHtuD6dhByg1ubyVJirjz5TkcVCR9oFnHAEbZvOdd4cYCJNPO9rSAsQ=="
      },
      "System.Composition": {
        "type": "Transitive",
        "resolved": "10.0.1",
        "contentHash": "DJkqaWQfho/ReTzKcZD3zJJ6K4GcS154k+T0UCPMBNIOZ2U/lNpyiiWZ6Etw0onWyTH1K+yhICsdmwA5xy2aPQ==",
        "dependencies": {
          "System.Composition.AttributedModel": "10.0.1",
          "System.Composition.Convention": "10.0.1",
          "System.Composition.Hosting": "10.0.1",
          "System.Composition.Runtime": "10.0.1",
          "System.Composition.TypedParts": "10.0.1"
        }
      },
      "System.Composition.AttributedModel": {
        "type": "Transitive",
        "resolved": "10.0.1",
        "contentHash": "mRxYvpCVPAeuLEk0c0kxWJVjbW1/HUoxCgYotOj9eDeQiYcTDOMdCQApsTrHYMN3pHBA8WoF00KGolG632Etaw=="
      },
      "System.Composition.Convention": {
        "type": "Transitive",
        "resolved": "10.0.1",
        "contentHash": "dYynUByfVBzYDheNPGxS8UN8AvG/4tXf/coSs1odHOyoh4etv1kad/FrLWLMq4f8NO49NV20Xu+0/y613woTUA==",
        "dependencies": {
          "System.Composition.AttributedModel": "10.0.1"
        }
      },
      "System.Composition.Hosting": {
        "type": "Transitive",
        "resolved": "10.0.1",
        "contentHash": "4UGmyBdKWEN1nkqspJlji/nV7XIVm6KGlOC2So0mtM/gKvaNgLz+tUkcbY+6Zpr7dr6ohX1S5yl0RLID5otRHw==",
        "dependencies": {
          "System.Composition.Runtime": "10.0.1"
        }
      },
      "System.Composition.Runtime": {
        "type": "Transitive",
        "resolved": "10.0.1",
        "contentHash": "TVfys1gnUIhmXuYfFzyez0fOkDyELe9UwlxYeVlq6FmqmWmt1ouF0OQJ+6ozkHbkaop7uBUaXw7Qb+/o0m+nMg=="
      },
      "System.Composition.TypedParts": {
        "type": "Transitive",
        "resolved": "10.0.1",
        "contentHash": "koSfjkdQZfgQr3SyiSIBboDn+GiR0vZ3x9Uek9FJbXK0w5AiATV8KrnMEP8B8OAlO+Y3zQf0CPCNzwH+VIYDKg==",
        "dependencies": {
          "System.Composition.AttributedModel": "10.0.1",
          "System.Composition.Hosting": "10.0.1",
          "System.Composition.Runtime": "10.0.1"
        }
      },
      "System.Configuration.ConfigurationManager": {
        "type": "Transitive",
        "resolved": "10.0.8",
        "contentHash": "QG+HHwJjLyUiRuA9axr5pDqHAxboo7FXCTRakxMABE9CUAUij/tsd/MsgQPJUEppkf+YBLT+F/P/wKIVCAIcNg==",
        "dependencies": {
          "System.Diagnostics.EventLog": "10.0.8",
          "System.Security.Cryptography.ProtectedData": "10.0.8"
        }
      },
      "System.Diagnostics.EventLog": {
        "type": "Transitive",
        "resolved": "10.0.8",
        "contentHash": "+Ro7WgIom+BDNH+YhTuZKL6QJ0ctfOpTyfUG/h3aU5KwXt3OaNf0wYWrTvoBUj+34Dy5V8dN9yCco1hAJQ4txw=="
      },
      "System.IO.Abstractions": {
        "type": "Transitive",
        "resolved": "22.1.1",
        "contentHash": "nm4sNhAoN1NyiIVT6MS3EEzNjnir3PC1HE0mKGGUFg6RBW1HmRvWKuRDPkij1etOoQkpyIFmjVGcM6TpBGF3qQ==",
        "dependencies": {
          "TestableIO.System.IO.Abstractions": "22.1.1",
          "TestableIO.System.IO.Abstractions.Wrappers": "22.1.1"
        }
      },
      "System.Security.Cryptography.ProtectedData": {
        "type": "Transitive",
        "resolved": "10.0.8",
        "contentHash": "/ldVgSfImIBp6fLWS7sLH0BnmtFj0ZwGlZo4Xx2q0K3ZhJNDbW45kj2f6zPoC+L+BTINuHdMzTsopuwmkbgcNA=="
      },
      "TestableIO.System.IO.Abstractions": {
        "type": "Transitive",
        "resolved": "22.1.1",
        "contentHash": "EJmXIKfwvJHvSHWP+NjA213avUdofV4SmBx2aWxc3SzPkrHHVKxUMC3fSa/epzk/SVITwuU2EAntgQTvobAqwQ==",
        "dependencies": {
          "Testably.Abstractions.FileSystem.Interface": "10.1.0"
        }
      },
      "TestableIO.System.IO.Abstractions.Wrappers": {
        "type": "Transitive",
        "resolved": "22.1.1",
        "contentHash": "J91zmSwuMY75ybtkqAFMC3vDNMkLJ/kiDDLhORITEwTKNhEwEYfxAQGv+f0jGYZg/H0YbnGcx5Ky0FgFJwrrWQ==",
        "dependencies": {
          "Testably.Abstractions.FileSystem.Interface": "10.1.0"
        }
      },
      "Testably.Abstractions.FileSystem.Interface": {
        "type": "Transitive",
        "resolved": "10.1.0",
        "contentHash": "0R+m7DvS2QuDcFOfDGtyGErRrgXOl4/z2tbNLX2RfvlYJjlVcKG+wMIBfZO8vxGtTNwNxffTG4ibFRwd0jkM7w=="
      },
      "capnp.net.runtime": {
        "type": "Project",
        "dependencies": {
          "Microsoft.Extensions.Logging": "[10.0.12, )"
        }
      },
      "capnpc.csharp.generator": {
        "type": "Project",
        "dependencies": {
          "CSharpier.Core": "[1.3.0, )",
          "Capnp.Net.Runtime": "[1.0.0, )",
          "Microsoft.CodeAnalysis.CSharp": "[5.9.0, )"
        }
      },
      "capnpc.csharp.generator.tests": {
        "type": "Project",
        "dependencies": {
          "CapnpC.CSharp.Generator": "[1.0.0, )",
          "MSTest.TestAdapter": "[4.4.1, )",
          "MSTest.TestFramework": "[4.4.1, )",
          "Microsoft.CodeAnalysis.CSharp": "[5.9.0, )",
          "Microsoft.CodeAnalysis.CSharp.Workspaces": "[5.9.0, )",
          "Microsoft.Testing.Extensions.CodeCoverage": "[18.11.0, )",
          "Microsoft.Testing.Extensions.TrxReport": "[2.4.1, )",
          "Mono.Cecil": "[0.11.6, )",
          "Reqnroll.MsTest": "[3.3.4, )"
        }
      },
      "capnpc.csharp.msbuild.generation": {
        "type": "Project",
        "dependencies": {
          "CapnpC.CSharp.Generator": "[1.0.0, )"
        }
      },
      "CSharpier.Core": {
        "type": "CentralTransitive",
        "requested": "[1.3.0, )",
        "resolved": "1.3.0",
        "contentHash": "qcCnBDOfWDy7/78yny04KNHYdZB4mjQ8Ol+q8QX3WPUya1KtH7TUtDJJquqkDy0RQqbXpsbOfMeU+Oq8BoW72g==",
        "dependencies": {
          "LovettSoftware.XmlDiff": "1.1.0",
          "Microsoft.CodeAnalysis.CSharp": "5.3.0",
          "Microsoft.CodeAnalysis.Common": "5.3.0",
          "System.IO.Abstractions": "22.1.1"
        }
      },
      "Microsoft.Build.Framework": {
        "type": "CentralTransitive",
        "requested": "[18.9.6, )",
        "resolved": "18.9.6",
        "contentHash": "P5y8IAhu6UyN6FtzfN4sCNZEQGyV6S4kSTBYldtzB9bzvgdCBBKjsS6epH5aJVFM0q1yJqa8RaTzr1iEJBwIMA==",
        "dependencies": {
          "Microsoft.NET.StringTools": "18.9.6"
        }
      },
      "Microsoft.CodeAnalysis.CSharp": {
        "type": "CentralTransitive",
        "requested": "[5.9.0, )",
        "resolved": "5.9.0",
        "contentHash": "7JGDA0UT1+h7k9ZcA3rF4eFC8+QPq1xyYaXxag4p8r/zzPurEJxvdi7aM+MRL/SfP7XADXpWF/pl/eUYXOq/ww==",
        "dependencies": {
          "Microsoft.CodeAnalysis.Analyzers": "5.9.0-1.26328.17",
          "Microsoft.CodeAnalysis.Common": "[5.9.0]"
        }
      },
      "Microsoft.CodeAnalysis.CSharp.Workspaces": {
        "type": "CentralTransitive",
        "requested": "[5.9.0, )",
        "resolved": "5.9.0",
        "contentHash": "D2zqK/k16fto0yMz0hcXMTkzOxEwMDJyA1mu/KXF9Befwz4zub3MpHQD8FeRxJtVSSsC3dQFYBw7zu7r/pfO7g==",
        "dependencies": {
          "Humanizer.Core": "2.14.1",
          "Microsoft.CodeAnalysis.Analyzers": "5.9.0-1.26328.17",
          "Microsoft.CodeAnalysis.CSharp": "[5.9.0]",
          "Microsoft.CodeAnalysis.Common": "[5.9.0]",
          "Microsoft.CodeAnalysis.Workspaces.Common": "[5.9.0]",
          "System.Composition": "10.0.1"
        }
      },
      "Microsoft.Extensions.Logging": {
        "type": "CentralTransitive",
        "requested": "[10.0.12, )",
        "resolved": "10.0.12",
        "contentHash": "6I46fTPfgYkrjRYfRXbho9WOvOelTnNjWuZws/hzGHDASH1LEJeA4VKK9k3wJvido8o7jJSB5WkMTonX7HM1bA==",
        "dependencies": {
          "Microsoft.Extensions.DependencyInjection": "10.0.12",
          "Microsoft.Extensions.Logging.Abstractions": "10.0.12",
          "Microsoft.Extensions.Options": "10.0.12"
        }
      },
      "Microsoft.Extensions.Logging.Abstractions": {
        "type": "CentralTransitive",
        "requested": "[10.0.12, )",
        "resolved": "10.0.12",
        "contentHash": "+24lC4plfbEDNfLAdTV/SWKS7dW+16X4HdydO3R++134kSNTzcbYA4KpR1Hdh6uWisB8Za3AzwyOn+K+NxWIug==",
        "dependencies": {
          "Microsoft.Extensions.DependencyInjection.Abstractions": "10.0.12"
        }
      },
      "Mono.Cecil": {
        "type": "CentralTransitive",
        "requested": "[0.11.6, )",
        "resolved": "0.11.6",
        "contentHash": "f33RkDtZO8VlGXCtmQIviOtxgnUdym9xx/b1p9h91CRGOsJFxCFOFK1FDbVt1OCf1aWwYejUFa2MOQyFWTFjbA=="
      },
      "Reqnroll.MSTest": {
        "type": "CentralTransitive",
        "requested": "[3.3.4, )",
        "resolved": "3.3.4",
        "contentHash": "N3l9STvSS9SdiV0oR9FbBpcNwMrcawLBzA5ubeet5UnS5gplwVN9wMYBwJ5DLvLnSAkg2Xiw3tRkuuVBy/YwBg==",
        "dependencies": {
          "MSTest.TestFramework": "2.2.8",
          "Reqnroll": "3.3.4",
          "Reqnroll.Tools.MsBuild.Generation": "3.3.4"
        }
      }
    }
  }
}